{
  "version": 4,
  "terraform_version": "1.3.1",
  "serial": 104,
  "lineage": "cbe1127f-cc17-3f27-c442-60a6ec12f27a",
  "outputs": {
    "resource_group_name": {
      "value": "vm_ubuntu",
      "type": "string"
    },
    "tls_private_key": {
      "value": "-----BEGIN RSA PRIVATE KEY-----\nMIIJKQIBAAKCAgEAxys4uNlksbOnTyrefDwNORjJylZgAlB9HQ1G8OBzUkTTHC+F\neRzoCabP+C8JCpMTlONN4eOMP9Ku2d3s/FHmhoUzco5Z7bvqyryqaYlTcH7zAc7S\n72cvwR0Bu7gDmhitSMUJXs4axmLK14l7e+HVRRP65KppytQUbdNzCvhpuqtzVvUM\nxfZ7H7reV6wk941fbgsAYCLpos+IX0q5lr0ftCw9DSndnKawEkrEsnUkBgr+FWxu\nFHKxMBrReo5jV+qvt+YMl2LPhx8BccSzFFzf+jIuj1Z7NZhPYea3ZpNgTeWzt3nV\nlh8eu3cKMUoOY0dgweE9PhQim9Vf4kwpkOlcYWQMxPPBaifsNznCcAhcvD8DB267\nYKU6opmcA++0h+xZfx3YKfOzOQFM3i+xKMZezRdQjK9E8v/Wm2+mTYLlb2aulGCe\nARYUXasSF6D7CRsXBG2+etxfc6ZLEYwrCfzEKUUtx//YMfx/A8bjjxsuu+2vvyrX\nc4ivmJT6wcX2sWzyGNfuTJR4dSgfx8tI3PfYJEH0XLPR442122s6eu7+X10fd0HB\nI9K93v3So7aLWz4louZS6N6X8KdVEHh9Fe6hIrApL87UxeHoR3xjcoJlyFybXyrq\nBdR9Os8gOhtZmspuAuiiV2X4bokVJivl8zP90ISKLf/OnYzZnZok3PQUphECAwEA\nAQKCAgBnPSU61B0Y68n3BH6tISetiAbZZiqAKJ6h14cFRyMf6uMPQibKn8w7bIdy\n21axb4l/7M8rHxtM3fWaoym7pOx8oEEJyXYeAAF1s5QV/oQM1RE7x6yZQgCD9ng2\niOz9DHuOM+xmgyln2j/Qt8gVb/tvwiqUKy2JYKNyRl/kuN19UHAKDB3h46Dw0pl8\nEpRa6aIk1XkNXCuFJFRJKN/IniH379J5p1DjaZfs82rAIm5Y34vTKRBqcwUbrVsW\nTwZ5xQHurkWqlyKBpPXHtjEphfbnpulxjV9yaZAEbGZ2uj/6QO4GVhX7qgfxHoRf\nBkcs+QvTk+B99Ev4QQNhtx74qa4jNd6rQWRWpzwSoawh2kvq6QAUYsqTc7MBPpBC\nX6a0FuUS0PD9Bc8mO3n9KEmLiWBNorsvBIJDHtLGY2H7XbNhKfxkaJ+7EvzIw5Na\nUNRuM86xtre0auAj1lqKUurOd0Jen0WDsRhJKyutt9+Qm6mWXK9Uu/+FJJiHIPtS\nhgVEn5uHmF2Oq8fbXUDoPw4YCxBwJmB78QhkYf8XeXkgxlR8dtc2LIRTGRuINOl4\n/JcHLvOlxFLY3CZJfSjL53eY9GuSKkGm50x/I/pKlrDd+XRi559DP4vLK/PqLrcS\nEOGK85/Ka+k3go6YSsfqSzrpASjnGAIs1VPid/JI/3tYRTekUQKCAQEA/adET0cr\nYSGUnTOVp+YmzhYmW2jQwh4L5J5CZOyPmrqYJai5YuImAs4Z1pcL3XtY+QaXorXV\nkpFq7sJYhOqOs4wtiJoVQ+QtnCk2fMIe6OaRh9FOD9b/kzUv2cD3U3dG1dcpvrPd\ndni8qhXkFfOChE4QvoU/rEsdObkY6lQ+Qe+lfQUrpGgvtPu7p/WNCswmW4aTZcKN\npkKteme8ZdmLKakJNyAn80IefrAMRoL5NPnbacYMmPG1phRo2LZC4PdfDoY3ZNQS\nPkq5LpFEqqV3q0yJMTdA/5CE/9SSAlJ8dKXQX7CDkXgKl3yY9bL2PIeXr7IuDeeh\nHhvUxzp4En92HQKCAQEAyQLq718rKfkIzKk7Z7EbA7VeBzhhdt0KFX3MRhlSQxkR\nYY2KPef10XOpc1gS7OI5o9NI4zkNCSZfswIvZbKaPpLH3hxaydUBhY+DRCN1xehV\nnkmhlcQQZt24LbUNNmFI8KrapF+/jyTfxuSHNVqO36D05VRm6GZK47/vERhrKIli\nxP/CLfdsrjZTWhnT/YgZEXYUtlDTj7EFxTs7/xfFVn/KDHLh7IAmh05vkpOxMzEv\nP2o1kmDONtKbwr8oRL0W1f1NH/Pbej97UkODWXpdZeFmv3Iqj1h4v+fLGDWX4R8j\nVl/VHOXFbK1dcs7yt6Yl5P+hx+RhVMoubIA/AHcdhQKCAQEAkVQ9qiJ/szYXPP5q\nN3mBMEC2l1b1jNLEQ6d9KO/001UniSQjm4kw+Bh362A9dxeOAZgKVzpRdJmGp+eH\n6hetzSd6izKlDnH0w+1E/7QFG7HHHgcI78BiTEiD8wJBcnv7hNezXkUVlSRWDClg\ntkb/t6g2pcIYmjGrPABWSyQbS5HvwjKtL5RWCR7WBMSGm/Id5AC2AO64U9MOK/y1\nj7FVr3ffBMuSuChg6nsZfWjbOcQSN4c2foa2acJ10/yRUu3Ic7zojgeHsFMFyK2I\npzEI4IeIbz9WKVb3LNDxGw2Bqx+5xKmQqE8b2nGT/eocdM/HU+4FvwfAY0zU25Uf\naJHI7QKCAQEAmIdwQoeSt1zTgomAHGTVvPCpEw2DV7DO8BPvJ9obA/NHryC6H9Oe\nQntjv7S7V6kqV9gB3PnznFfUEn+7+42VYZn7s90MP080wmZuEwxdV/m+zkfNJ1oJ\noCTqlzRlfDhCIu1iz4wgTbyLWd8bgi7fb24xprtvAzZr6XpBLFW9KptlqVrxu/Oe\nMmviv+INbLsTWp6hhN68SrLnUAxssFsXUVXSubOLH+z2T4IDQ9RyiAfwdExhrltq\n30rdCuAG7HIXm/WDypU+m/sD1x6H0yP5L0/kqa02AmP97JE1GX/BagA4zlgV3MG2\nF4tN98p1f0nCQ4x+9LGl8bMhmw+NvwqkCQKCAQATxsN136uY3K9lV2z0f/m4KQjV\nPPcfPWj3PCXrYRJaVZL4CnL53jwoecptbgQJwTu3eFnGUZ7xmqVlH4t75+DJkwK9\nk8fRyEghYe8otBnHdX/xLYisRbm8dFMOr2HqGnD0nigNnD9tf7eHW/aJF716Qbc6\n3DKJCJV4Z3IFXyEzvvLJsDIVHEANhMbcv3+CFDThXxSs4Ngcazohz6jLkjAixZbh\npzqvzJumUnow+MeIRkjwpVRKkSDi7ZLrL3X/MTkBtrJyBY12rfqtc3GL/4kFqkJs\nlO+0xTRztLGE7Xinrpa+yaKOvHQpX2f9R6EssUP0bXdrNkApefCzE55MaWuw\n-----END RSA PRIVATE KEY-----\n",
      "type": "string",
      "sensitive": true
    }
  },
  "resources": [
    {
      "mode": "data",
      "type": "azurerm_image",
      "name": "vm_ubuntu_1804",
      "provider": "provider[\"registry.terraform.io/hashicorp/azurerm\"]",
      "instances": [
        {
          "schema_version": 0,
          "attributes": {
            "data_disk": [],
            "id": "/subscriptions/591795d6-454d-4619-955c-7b7685492d71/resourceGroups/vm_ubuntu/providers/Microsoft.Compute/images/vm_ubuntu_1804",
            "location": "eastus",
            "name": "vm_ubuntu_1804",
            "name_regex": null,
            "os_disk": [
              {
                "blob_uri": "",
                "caching": "ReadWrite",
                "managed_disk_id": "/subscriptions/591795d6-454d-4619-955c-7b7685492d71/resourceGroups/pkr-Resource-Group-prxgsvu6tx/providers/Microsoft.Compute/disks/pkrosprxgsvu6tx",
                "os_state": "Generalized",
                "os_type": "Linux",
                "size_gb": 30
              }
            ],
            "resource_group_name": "vm_ubuntu",
            "sort_descending": false,
            "tags": {
              "dept": "Engineering",
              "task": "Image deployment"
            },
            "timeouts": null,
            "zone_resilient": false
          },
          "sensitive_attributes": []
        }
      ]
    },
    {
      "mode": "data",
      "type": "azurerm_resource_group",
      "name": "rg",
      "provider": "provider[\"registry.terraform.io/hashicorp/azurerm\"]",
      "instances": [
        {
          "schema_version": 0,
          "attributes": {
            "id": "/subscriptions/591795d6-454d-4619-955c-7b7685492d71/resourceGroups/vm_ubuntu",
            "location": "eastus",
            "name": "vm_ubuntu",
            "tags": {},
            "timeouts": null
          },
          "sensitive_attributes": []
        }
      ]
    },
    {
      "mode": "managed",
      "type": "azurerm_availability_set",
      "name": "my_availability_set",
      "provider": "provider[\"registry.terraform.io/hashicorp/azurerm\"]",
      "instances": [
        {
          "schema_version": 0,
          "attributes": {
            "id": "/subscriptions/591795d6-454d-4619-955c-7b7685492d71/resourceGroups/vm_ubuntu/providers/Microsoft.Compute/availabilitySets/my_availability_set",
            "location": "eastus",
            "managed": true,
            "name": "my_availability_set",
            "platform_fault_domain_count": 3,
            "platform_update_domain_count": 5,
            "proximity_placement_group_id": null,
            "resource_group_name": "vm_ubuntu",
            "tags": {
              "environment": "development",
              "project": "udacity-devops"
            },
            "timeouts": null
          },
          "sensitive_attributes": [],
          "private": "eyJlMmJmYjczMC1lY2FhLTExZTYtOGY4OC0zNDM2M2JjN2M0YzAiOnsiY3JlYXRlIjoxODAwMDAwMDAwMDAwLCJkZWxldGUiOjE4MDAwMDAwMDAwMDAsInJlYWQiOjMwMDAwMDAwMDAwMCwidXBkYXRlIjoxODAwMDAwMDAwMDAwfX0=",
          "dependencies": [
            "data.azurerm_resource_group.rg"
          ]
        }
      ]
    },
    {
      "mode": "managed",
      "type": "azurerm_lb",
      "name": "my_azurerm_lb",
      "provider": "provider[\"registry.terraform.io/hashicorp/azurerm\"]",
      "instances": [
        {
          "schema_version": 0,
          "attributes": {
            "frontend_ip_configuration": [
              {
                "availability_zone": "No-Zone",
                "gateway_load_balancer_frontend_ip_configuration_id": "",
                "id": "/subscriptions/591795d6-454d-4619-955c-7b7685492d71/resourceGroups/vm_ubuntu/providers/Microsoft.Network/loadBalancers/my_azurerm_lb/frontendIPConfigurations/PublicIPAddress",
                "inbound_nat_rules": [],
                "load_balancer_rules": [],
                "name": "PublicIPAddress",
                "outbound_rules": [],
                "private_ip_address": "",
                "private_ip_address_allocation": "Dynamic",
                "private_ip_address_version": "",
                "public_ip_address_id": "/subscriptions/591795d6-454d-4619-955c-7b7685492d71/resourceGroups/vm_ubuntu/providers/Microsoft.Network/publicIPAddresses/myPublicIP",
                "public_ip_prefix_id": "",
                "subnet_id": "",
                "zones": []
              }
            ],
            "id": "/subscriptions/591795d6-454d-4619-955c-7b7685492d71/resourceGroups/vm_ubuntu/providers/Microsoft.Network/loadBalancers/my_azurerm_lb",
            "location": "eastus",
            "name": "my_azurerm_lb",
            "private_ip_address": "",
            "private_ip_addresses": [],
            "resource_group_name": "vm_ubuntu",
            "sku": "Basic",
            "sku_tier": "Regional",
            "tags": null,
            "timeouts": null
          },
          "sensitive_attributes": [],
          "private": "eyJlMmJmYjczMC1lY2FhLTExZTYtOGY4OC0zNDM2M2JjN2M0YzAiOnsiY3JlYXRlIjoxODAwMDAwMDAwMDAwLCJkZWxldGUiOjE4MDAwMDAwMDAwMDAsInJlYWQiOjMwMDAwMDAwMDAwMCwidXBkYXRlIjoxODAwMDAwMDAwMDAwfX0=",
          "dependencies": [
            "azurerm_public_ip.my_terraform_public_ip",
            "data.azurerm_resource_group.rg"
          ]
        }
      ]
    },
    {
      "mode": "managed",
      "type": "azurerm_lb_backend_address_pool",
      "name": "my_lb_backend_address_pool",
      "provider": "provider[\"registry.terraform.io/hashicorp/azurerm\"]",
      "instances": [
        {
          "schema_version": 0,
          "attributes": {
            "backend_address": [],
            "backend_ip_configurations": [],
            "id": "/subscriptions/591795d6-454d-4619-955c-7b7685492d71/resourceGroups/vm_ubuntu/providers/Microsoft.Network/loadBalancers/my_azurerm_lb/backendAddressPools/my_lb_backend_address_pool",
            "load_balancing_rules": [],
            "loadbalancer_id": "/subscriptions/591795d6-454d-4619-955c-7b7685492d71/resourceGroups/vm_ubuntu/providers/Microsoft.Network/loadBalancers/my_azurerm_lb",
            "name": "my_lb_backend_address_pool",
            "outbound_rules": [],
            "resource_group_name": "vm_ubuntu",
            "timeouts": null,
            "tunnel_interface": []
          },
          "sensitive_attributes": [],
          "private": "eyJlMmJmYjczMC1lY2FhLTExZTYtOGY4OC0zNDM2M2JjN2M0YzAiOnsiY3JlYXRlIjoxODAwMDAwMDAwMDAwLCJkZWxldGUiOjE4MDAwMDAwMDAwMDAsInJlYWQiOjMwMDAwMDAwMDAwMCwidXBkYXRlIjoxODAwMDAwMDAwMDAwfX0=",
          "dependencies": [
            "azurerm_lb.my_azurerm_lb",
            "azurerm_public_ip.my_terraform_public_ip",
            "data.azurerm_resource_group.rg"
          ]
        }
      ]
    },
    {
      "mode": "managed",
      "type": "azurerm_linux_virtual_machine",
      "name": "my_linux_virtual_machine",
      "provider": "provider[\"registry.terraform.io/hashicorp/azurerm\"]",
      "instances": []
    },
    {
      "mode": "managed",
      "type": "azurerm_managed_disk",
      "name": "my_managed_disk",
      "provider": "provider[\"registry.terraform.io/hashicorp/azurerm\"]",
      "instances": [
        {
          "index_key": 0,
          "schema_version": 0,
          "attributes": {
            "create_option": "Empty",
            "disk_access_id": "",
            "disk_encryption_set_id": "",
            "disk_iops_read_only": 0,
            "disk_iops_read_write": 500,
            "disk_mbps_read_only": 0,
            "disk_mbps_read_write": 60,
            "disk_size_gb": 1,
            "encryption_settings": [],
            "gallery_image_reference_id": "",
            "hyper_v_generation": "",
            "id": "/subscriptions/591795d6-454d-4619-955c-7b7685492d71/resourceGroups/vm_ubuntu/providers/Microsoft.Compute/disks/data-disk",
            "image_reference_id": "",
            "location": "eastus",
            "logical_sector_size": null,
            "max_shares": 0,
            "name": "data-disk",
            "network_access_policy": null,
            "on_demand_bursting_enabled": false,
            "os_type": "",
            "public_network_access_enabled": true,
            "resource_group_name": "vm_ubuntu",
            "source_resource_id": "",
            "source_uri": "",
            "storage_account_id": "",
            "storage_account_type": "Standard_LRS",
            "tags": null,
            "tier": "",
            "timeouts": null,
            "trusted_launch_enabled": false,
            "zones": null
          },
          "sensitive_attributes": [],
          "private": "eyJlMmJmYjczMC1lY2FhLTExZTYtOGY4OC0zNDM2M2JjN2M0YzAiOnsiY3JlYXRlIjoxODAwMDAwMDAwMDAwLCJkZWxldGUiOjE4MDAwMDAwMDAwMDAsInJlYWQiOjMwMDAwMDAwMDAwMCwidXBkYXRlIjoxODAwMDAwMDAwMDAwfX0=",
          "dependencies": [
            "data.azurerm_resource_group.rg"
          ]
        }
      ]
    },
    {
      "mode": "managed",
      "type": "azurerm_network_interface_backend_address_pool_association",
      "name": "my_network_interface_backend_address_pool_association",
      "provider": "provider[\"registry.terraform.io/hashicorp/azurerm\"]",
      "instances": []
    },
    {
      "mode": "managed",
      "type": "azurerm_network_interface_security_group_association",
      "name": "my_security_group_association",
      "provider": "provider[\"registry.terraform.io/hashicorp/azurerm\"]",
      "instances": []
    },
    {
      "mode": "managed",
      "type": "azurerm_network_security_group",
      "name": "my_nsg",
      "provider": "provider[\"registry.terraform.io/hashicorp/azurerm\"]",
      "instances": [
        {
          "schema_version": 0,
          "attributes": {
            "id": "/subscriptions/591795d6-454d-4619-955c-7b7685492d71/resourceGroups/vm_ubuntu/providers/Microsoft.Network/networkSecurityGroups/my_nsg",
            "location": "eastus",
            "name": "my_nsg",
            "resource_group_name": "vm_ubuntu",
            "security_rule": [],
            "tags": {
              "environment": "development",
              "project": "udacity_devops"
            },
            "timeouts": null
          },
          "sensitive_attributes": [],
          "private": "eyJlMmJmYjczMC1lY2FhLTExZTYtOGY4OC0zNDM2M2JjN2M0YzAiOnsiY3JlYXRlIjoxODAwMDAwMDAwMDAwLCJkZWxldGUiOjE4MDAwMDAwMDAwMDAsInJlYWQiOjMwMDAwMDAwMDAwMCwidXBkYXRlIjoxODAwMDAwMDAwMDAwfX0=",
          "dependencies": [
            "data.azurerm_resource_group.rg"
          ]
        }
      ]
    },
    {
      "mode": "managed",
      "type": "azurerm_network_security_rule",
      "name": "DenyAllInbound",
      "provider": "provider[\"registry.terraform.io/hashicorp/azurerm\"]",
      "instances": [
        {
          "schema_version": 0,
          "attributes": {
            "access": "Deny",
            "description": "This rule with low priority deny all the inbound traffic.",
            "destination_address_prefix": "*",
            "destination_address_prefixes": null,
            "destination_application_security_group_ids": null,
            "destination_port_range": "*",
            "destination_port_ranges": null,
            "direction": "Inbound",
            "id": "/subscriptions/591795d6-454d-4619-955c-7b7685492d71/resourceGroups/vm_ubuntu/providers/Microsoft.Network/networkSecurityGroups/my_nsg/securityRules/DenyAllInbound",
            "name": "DenyAllInbound",
            "network_security_group_name": "my_nsg",
            "priority": 100,
            "protocol": "*",
            "resource_group_name": "vm_ubuntu",
            "source_address_prefix": "*",
            "source_address_prefixes": null,
            "source_application_security_group_ids": null,
            "source_port_range": "*",
            "source_port_ranges": null,
            "timeouts": null
          },
          "sensitive_attributes": [],
          "private": "eyJlMmJmYjczMC1lY2FhLTExZTYtOGY4OC0zNDM2M2JjN2M0YzAiOnsiY3JlYXRlIjoxODAwMDAwMDAwMDAwLCJkZWxldGUiOjE4MDAwMDAwMDAwMDAsInJlYWQiOjMwMDAwMDAwMDAwMCwidXBkYXRlIjoxODAwMDAwMDAwMDAwfX0=",
          "dependencies": [
            "azurerm_network_security_group.my_nsg",
            "data.azurerm_resource_group.rg"
          ]
        }
      ]
    },
    {
      "mode": "managed",
      "type": "azurerm_public_ip",
      "name": "my_terraform_public_ip",
      "provider": "provider[\"registry.terraform.io/hashicorp/azurerm\"]",
      "instances": [
        {
          "schema_version": 0,
          "attributes": {
            "allocation_method": "Dynamic",
            "availability_zone": "No-Zone",
            "domain_name_label": null,
            "fqdn": null,
            "id": "/subscriptions/591795d6-454d-4619-955c-7b7685492d71/resourceGroups/vm_ubuntu/providers/Microsoft.Network/publicIPAddresses/myPublicIP",
            "idle_timeout_in_minutes": 4,
            "ip_address": "",
            "ip_tags": null,
            "ip_version": "IPv4",
            "location": "eastus",
            "name": "myPublicIP",
            "public_ip_prefix_id": null,
            "resource_group_name": "vm_ubuntu",
            "reverse_fqdn": null,
            "sku": "Basic",
            "sku_tier": "Regional",
            "tags": null,
            "timeouts": null,
            "zones": []
          },
          "sensitive_attributes": [],
          "private": "eyJlMmJmYjczMC1lY2FhLTExZTYtOGY4OC0zNDM2M2JjN2M0YzAiOnsiY3JlYXRlIjoxODAwMDAwMDAwMDAwLCJkZWxldGUiOjE4MDAwMDAwMDAwMDAsInJlYWQiOjMwMDAwMDAwMDAwMCwidXBkYXRlIjoxODAwMDAwMDAwMDAwfX0=",
          "dependencies": [
            "data.azurerm_resource_group.rg"
          ]
        }
      ]
    },
    {
      "mode": "managed",
      "type": "azurerm_storage_account",
      "name": "my_storage_account",
      "provider": "provider[\"registry.terraform.io/hashicorp/azurerm\"]",
      "instances": [
        {
          "schema_version": 2,
          "attributes": {
            "access_tier": "Hot",
            "account_kind": "StorageV2",
            "account_replication_type": "LRS",
            "account_tier": "Standard",
            "allow_blob_public_access": false,
            "azure_files_authentication": [],
            "blob_properties": [
              {
                "change_feed_enabled": false,
                "container_delete_retention_policy": [],
                "cors_rule": [],
                "default_service_version": "",
                "delete_retention_policy": [],
                "last_access_time_enabled": false,
                "versioning_enabled": false
              }
            ],
            "custom_domain": [],
            "customer_managed_key": [],
            "enable_https_traffic_only": true,
            "id": "/subscriptions/591795d6-454d-4619-955c-7b7685492d71/resourceGroups/vm_ubuntu/providers/Microsoft.Storage/storageAccounts/diag59538ade6e126ad1",
            "identity": [],
            "infrastructure_encryption_enabled": false,
            "is_hns_enabled": false,
            "large_file_share_enabled": null,
            "location": "eastus",
            "min_tls_version": "TLS1_0",
            "name": "diag59538ade6e126ad1",
            "network_rules": [
              {
                "bypass": [
                  "AzureServices"
                ],
                "default_action": "Allow",
                "ip_rules": [],
                "private_link_access": [],
                "virtual_network_subnet_ids": []
              }
            ],
            "nfsv3_enabled": false,
            "primary_access_key": "Vj+ZBuNKoRFWL6T1WuzBo9w7brO0670gQML6BoL8Iedn02Be33WsGy+uY2Sdt2Q3HQYzCQTQy4T3+AStu7cfIQ==",
            "primary_blob_connection_string": "DefaultEndpointsProtocol=https;BlobEndpoint=https://diag59538ade6e126ad1.blob.core.windows.net/;AccountName=diag59538ade6e126ad1;AccountKey=Vj+ZBuNKoRFWL6T1WuzBo9w7brO0670gQML6BoL8Iedn02Be33WsGy+uY2Sdt2Q3HQYzCQTQy4T3+AStu7cfIQ==",
            "primary_blob_endpoint": "https://diag59538ade6e126ad1.blob.core.windows.net/",
            "primary_blob_host": "diag59538ade6e126ad1.blob.core.windows.net",
            "primary_connection_string": "DefaultEndpointsProtocol=https;AccountName=diag59538ade6e126ad1;AccountKey=Vj+ZBuNKoRFWL6T1WuzBo9w7brO0670gQML6BoL8Iedn02Be33WsGy+uY2Sdt2Q3HQYzCQTQy4T3+AStu7cfIQ==;EndpointSuffix=core.windows.net",
            "primary_dfs_endpoint": "https://diag59538ade6e126ad1.dfs.core.windows.net/",
            "primary_dfs_host": "diag59538ade6e126ad1.dfs.core.windows.net",
            "primary_file_endpoint": "https://diag59538ade6e126ad1.file.core.windows.net/",
            "primary_file_host": "diag59538ade6e126ad1.file.core.windows.net",
            "primary_location": "eastus",
            "primary_queue_endpoint": "https://diag59538ade6e126ad1.queue.core.windows.net/",
            "primary_queue_host": "diag59538ade6e126ad1.queue.core.windows.net",
            "primary_table_endpoint": "https://diag59538ade6e126ad1.table.core.windows.net/",
            "primary_table_host": "diag59538ade6e126ad1.table.core.windows.net",
            "primary_web_endpoint": "https://diag59538ade6e126ad1.z13.web.core.windows.net/",
            "primary_web_host": "diag59538ade6e126ad1.z13.web.core.windows.net",
            "queue_encryption_key_type": "Service",
            "queue_properties": [
              {
                "cors_rule": [],
                "hour_metrics": [
                  {
                    "enabled": true,
                    "include_apis": true,
                    "retention_policy_days": 7,
                    "version": "1.0"
                  }
                ],
                "logging": [
                  {
                    "delete": false,
                    "read": false,
                    "retention_policy_days": 0,
                    "version": "1.0",
                    "write": false
                  }
                ],
                "minute_metrics": [
                  {
                    "enabled": false,
                    "include_apis": false,
                    "retention_policy_days": 0,
                    "version": "1.0"
                  }
                ]
              }
            ],
            "resource_group_name": "vm_ubuntu",
            "routing": [],
            "secondary_access_key": "47WzDYFNXLcCBCcZKmSEb2V7C8i+sUaqe/JCQasQpCeaHMDuNjmbwepWlaxarQdjln+dy3gb6wy/+AStz30ozg==",
            "secondary_blob_connection_string": "",
            "secondary_blob_endpoint": null,
            "secondary_blob_host": null,
            "secondary_connection_string": "DefaultEndpointsProtocol=https;AccountName=diag59538ade6e126ad1;AccountKey=47WzDYFNXLcCBCcZKmSEb2V7C8i+sUaqe/JCQasQpCeaHMDuNjmbwepWlaxarQdjln+dy3gb6wy/+AStz30ozg==;EndpointSuffix=core.windows.net",
            "secondary_dfs_endpoint": null,
            "secondary_dfs_host": null,
            "secondary_file_endpoint": null,
            "secondary_file_host": null,
            "secondary_location": "",
            "secondary_queue_endpoint": null,
            "secondary_queue_host": null,
            "secondary_table_endpoint": null,
            "secondary_table_host": null,
            "secondary_web_endpoint": null,
            "secondary_web_host": null,
            "share_properties": [
              {
                "cors_rule": [],
                "retention_policy": [
                  {
                    "days": 7
                  }
                ],
                "smb": []
              }
            ],
            "shared_access_key_enabled": true,
            "static_website": [],
            "table_encryption_key_type": "Service",
            "tags": null,
            "timeouts": null
          },
          "sensitive_attributes": [],
          "private": "eyJlMmJmYjczMC1lY2FhLTExZTYtOGY4OC0zNDM2M2JjN2M0YzAiOnsiY3JlYXRlIjozNjAwMDAwMDAwMDAwLCJkZWxldGUiOjM2MDAwMDAwMDAwMDAsInJlYWQiOjMwMDAwMDAwMDAwMCwidXBkYXRlIjozNjAwMDAwMDAwMDAwfSwic2NoZW1hX3ZlcnNpb24iOiIyIn0=",
          "dependencies": [
            "data.azurerm_resource_group.rg",
            "random_id.random_id"
          ]
        }
      ]
    },
    {
      "mode": "managed",
      "type": "azurerm_subnet",
      "name": "my_terraform_subnet",
      "provider": "provider[\"registry.terraform.io/hashicorp/azurerm\"]",
      "instances": [
        {
          "schema_version": 0,
          "attributes": {
            "address_prefix": "10.0.2.0/24",
            "address_prefixes": [
              "10.0.2.0/24"
            ],
            "delegation": [],
            "enforce_private_link_endpoint_network_policies": false,
            "enforce_private_link_service_network_policies": false,
            "id": "/subscriptions/591795d6-454d-4619-955c-7b7685492d71/resourceGroups/vm_ubuntu/providers/Microsoft.Network/virtualNetworks/myVnet/subnets/mySubnet",
            "name": "mySubnet",
            "resource_group_name": "vm_ubuntu",
            "service_endpoint_policy_ids": null,
            "service_endpoints": null,
            "timeouts": null,
            "virtual_network_name": "myVnet"
          },
          "sensitive_attributes": [],
          "private": "eyJlMmJmYjczMC1lY2FhLTExZTYtOGY4OC0zNDM2M2JjN2M0YzAiOnsiY3JlYXRlIjoxODAwMDAwMDAwMDAwLCJkZWxldGUiOjE4MDAwMDAwMDAwMDAsInJlYWQiOjMwMDAwMDAwMDAwMCwidXBkYXRlIjoxODAwMDAwMDAwMDAwfX0=",
          "dependencies": [
            "azurerm_virtual_network.my_terraform_network",
            "data.azurerm_resource_group.rg"
          ]
        }
      ]
    },
    {
      "mode": "managed",
      "type": "azurerm_virtual_network",
      "name": "my_terraform_network",
      "provider": "provider[\"registry.terraform.io/hashicorp/azurerm\"]",
      "instances": [
        {
          "schema_version": 0,
          "attributes": {
            "address_space": [
              "10.0.0.0/22"
            ],
            "bgp_community": "",
            "ddos_protection_plan": [],
            "dns_servers": [],
            "flow_timeout_in_minutes": 0,
            "guid": "b83c28a6-ea01-406c-a2cd-2eccc815447d",
            "id": "/subscriptions/591795d6-454d-4619-955c-7b7685492d71/resourceGroups/vm_ubuntu/providers/Microsoft.Network/virtualNetworks/myVnet",
            "location": "eastus",
            "name": "myVnet",
            "resource_group_name": "vm_ubuntu",
            "subnet": [],
            "tags": null,
            "timeouts": null,
            "vm_protection_enabled": false
          },
          "sensitive_attributes": [],
          "private": "eyJlMmJmYjczMC1lY2FhLTExZTYtOGY4OC0zNDM2M2JjN2M0YzAiOnsiY3JlYXRlIjoxODAwMDAwMDAwMDAwLCJkZWxldGUiOjE4MDAwMDAwMDAwMDAsInJlYWQiOjMwMDAwMDAwMDAwMCwidXBkYXRlIjoxODAwMDAwMDAwMDAwfX0=",
          "dependencies": [
            "data.azurerm_resource_group.rg"
          ]
        }
      ]
    },
    {
      "mode": "managed",
      "type": "random_id",
      "name": "random_id",
      "provider": "provider[\"registry.terraform.io/hashicorp/random\"]",
      "instances": [
        {
          "schema_version": 0,
          "attributes": {
            "b64_std": "WVOK3m4SatE=",
            "b64_url": "WVOK3m4SatE",
            "byte_length": 8,
            "dec": "6436640980376644305",
            "hex": "59538ade6e126ad1",
            "id": "WVOK3m4SatE",
            "keepers": {
              "resource_group": "vm_ubuntu"
            },
            "prefix": null
          },
          "sensitive_attributes": [],
          "dependencies": [
            "data.azurerm_resource_group.rg"
          ]
        }
      ]
    },
    {
      "mode": "managed",
      "type": "tls_private_key",
      "name": "my_ssh",
      "provider": "provider[\"registry.terraform.io/hashicorp/tls\"]",
      "instances": [
        {
          "schema_version": 1,
          "attributes": {
            "algorithm": "RSA",
            "ecdsa_curve": "P224",
            "id": "497c9931d371dc6ebcbaf34b1f31af0b34a96d9c",
            "private_key_openssh": "-----BEGIN OPENSSH PRIVATE KEY-----\nb3BlbnNzaC1rZXktdjEAAAAABG5vbmUAAAAEbm9uZQAAAAAAAAABAAACFwAAAAdz\nc2gtcnNhAAAAAwEAAQAAAgEAxys4uNlksbOnTyrefDwNORjJylZgAlB9HQ1G8OBz\nUkTTHC+FeRzoCabP+C8JCpMTlONN4eOMP9Ku2d3s/FHmhoUzco5Z7bvqyryqaYlT\ncH7zAc7S72cvwR0Bu7gDmhitSMUJXs4axmLK14l7e+HVRRP65KppytQUbdNzCvhp\nuqtzVvUMxfZ7H7reV6wk941fbgsAYCLpos+IX0q5lr0ftCw9DSndnKawEkrEsnUk\nBgr+FWxuFHKxMBrReo5jV+qvt+YMl2LPhx8BccSzFFzf+jIuj1Z7NZhPYea3ZpNg\nTeWzt3nVlh8eu3cKMUoOY0dgweE9PhQim9Vf4kwpkOlcYWQMxPPBaifsNznCcAhc\nvD8DB267YKU6opmcA++0h+xZfx3YKfOzOQFM3i+xKMZezRdQjK9E8v/Wm2+mTYLl\nb2aulGCeARYUXasSF6D7CRsXBG2+etxfc6ZLEYwrCfzEKUUtx//YMfx/A8bjjxsu\nu+2vvyrXc4ivmJT6wcX2sWzyGNfuTJR4dSgfx8tI3PfYJEH0XLPR442122s6eu7+\nX10fd0HBI9K93v3So7aLWz4louZS6N6X8KdVEHh9Fe6hIrApL87UxeHoR3xjcoJl\nyFybXyrqBdR9Os8gOhtZmspuAuiiV2X4bokVJivl8zP90ISKLf/OnYzZnZok3PQU\nphEAAAc4cYN+onGDfqIAAAAHc3NoLXJzYQAAAgEAxys4uNlksbOnTyrefDwNORjJ\nylZgAlB9HQ1G8OBzUkTTHC+FeRzoCabP+C8JCpMTlONN4eOMP9Ku2d3s/FHmhoUz\nco5Z7bvqyryqaYlTcH7zAc7S72cvwR0Bu7gDmhitSMUJXs4axmLK14l7e+HVRRP6\n5KppytQUbdNzCvhpuqtzVvUMxfZ7H7reV6wk941fbgsAYCLpos+IX0q5lr0ftCw9\nDSndnKawEkrEsnUkBgr+FWxuFHKxMBrReo5jV+qvt+YMl2LPhx8BccSzFFzf+jIu\nj1Z7NZhPYea3ZpNgTeWzt3nVlh8eu3cKMUoOY0dgweE9PhQim9Vf4kwpkOlcYWQM\nxPPBaifsNznCcAhcvD8DB267YKU6opmcA++0h+xZfx3YKfOzOQFM3i+xKMZezRdQ\njK9E8v/Wm2+mTYLlb2aulGCeARYUXasSF6D7CRsXBG2+etxfc6ZLEYwrCfzEKUUt\nx//YMfx/A8bjjxsuu+2vvyrXc4ivmJT6wcX2sWzyGNfuTJR4dSgfx8tI3PfYJEH0\nXLPR442122s6eu7+X10fd0HBI9K93v3So7aLWz4louZS6N6X8KdVEHh9Fe6hIrAp\nL87UxeHoR3xjcoJlyFybXyrqBdR9Os8gOhtZmspuAuiiV2X4bokVJivl8zP90ISK\nLf/OnYzZnZok3PQUphEAAAADAQABAAACAGc9JTrUHRjryfcEfq0hJ62IBtlmKoAo\nnqHXhwVHIx/q4w9CJsqfzDtsh3LbVrFviX/szysfG0zd9ZqjKbuk7HygQQnJdh4A\nAXWzlBX+hAzVETvHrJlCAIP2eDaI7P0Me44z7GaDKWfaP9C3yBVv+2/CKpQrLYlg\no3JGX+S43X1QcAoMHeHjoPDSmXwSlFrpoiTVeQ1cK4UkVEko38ieIffv0nmnUONp\nl+zzasAibljfi9MpEGpzBRutWxZPBnnFAe6uRaqXIoGk9ce2MSmF9uem6XGNX3Jp\nkARsZna6P/pA7gZWFfuqB/EehF8GRyz5C9OT4H30S/hBA2G3HvipriM13qtBZFan\nPBKhrCHaS+rpABRiypNzswE+kEJfprQW5RLQ8P0FzyY7ef0oSYuJYE2iuy8EgkMe\n0sZjYftds2Ep/GRon7sS/MjDk1pQ1G4zzrG2t7Rq4CPWWopS6s53Ql6fRYOxGEkr\nK62335CbqZZcr1S7/4UkmIcg+1KGBUSfm4eYXY6rx9tdQOg/DhgLEHAmYHvxCGRh\n/xd5eSDGVHx21zYshFMZG4g06Xj8lwcu86XEUtjcJkl9KMvnd5j0a5IqQabnTH8j\n+kqWsN35dGLnn0M/i8sr8+outxIQ4Yrzn8pr6TeCjphKx+pLOukBKOcYAizVU+J3\n8kj/e1hFN6RRAAABABPGw3Xfq5jcr2VXbPR/+bgpCNU89x89aPc8JethElpVkvgK\ncvnePCh5ym1uBAnBO7d4WcZRnvGapWUfi3vn4MmTAr2Tx9HISCFh7yi0Gcd1f/Et\niKxFubx0Uw6vYeoacPSeKA2cP21/t4db9okXvXpBtzrcMokIlXhncgVfITO+8smw\nMhUcQA2Exty/f4IUNOFfFKzg2BxrOiHPqMuSMCLFluGnOq/Mm6ZSejD4x4hGSPCl\nVEqRIOLtkusvdf8xOQG2snIFjXat+q1zcYv/iQWqQmyU77TFNHO0sYTteKeulr7J\noo68dClfZ/1HoSyxQ/Rtd2s2QCl58LMTnkxpa7AAAAEBAP2nRE9HK2EhlJ0zlafm\nJs4WJlto0MIeC+SeQmTsj5q6mCWouWLiJgLOGdaXC917WPkGl6K11ZKRau7CWITq\njrOMLYiaFUPkLZwpNnzCHujmkYfRTg/W/5M1L9nA91N3RtXXKb6z3XZ4vKoV5BXz\ngoROEL6FP6xLHTm5GOpUPkHvpX0FK6RoL7T7u6f1jQrMJluGk2XCjaZCrXpnvGXZ\niympCTcgJ/NCHn6wDEaC+TT522nGDJjxtaYUaNi2QuD3Xw6GN2TUEj5KuS6RRKql\nd6tMiTE3QP+QhP/UkgJSfHSl0F+wg5F4Cpd8mPWy9jyHl6+yLg3noR4b1Mc6eBJ/\ndh0AAAEBAMkC6u9fKyn5CMypO2exGwO1Xgc4YXbdChV9zEYZUkMZEWGNij3n9dFz\nqXNYEuziOaPTSOM5DQkmX7MCL2Wymj6Sx94cWsnVAYWPg0QjdcXoVZ5JoZXEEGbd\nuC21DTZhSPCq2qRfv48k38bkhzVajt+g9OVUZuhmSuO/7xEYayiJYsT/wi33bK42\nU1oZ0/2IGRF2FLZQ04+xBcU7O/8XxVZ/ygxy4eyAJodOb5KTsTMxLz9qNZJgzjbS\nm8K/KES9FtX9TR/z23o/e1JDg1l6XWXhZr9yKo9YeL/nyxg1l+EfI1Zf1RzlxWyt\nXXLO8remJeT/ocfkYVTKLmyAPwB3HYUAAAAAAQID\n-----END OPENSSH PRIVATE KEY-----\n",
            "private_key_pem": "-----BEGIN RSA PRIVATE KEY-----\nMIIJKQIBAAKCAgEAxys4uNlksbOnTyrefDwNORjJylZgAlB9HQ1G8OBzUkTTHC+F\neRzoCabP+C8JCpMTlONN4eOMP9Ku2d3s/FHmhoUzco5Z7bvqyryqaYlTcH7zAc7S\n72cvwR0Bu7gDmhitSMUJXs4axmLK14l7e+HVRRP65KppytQUbdNzCvhpuqtzVvUM\nxfZ7H7reV6wk941fbgsAYCLpos+IX0q5lr0ftCw9DSndnKawEkrEsnUkBgr+FWxu\nFHKxMBrReo5jV+qvt+YMl2LPhx8BccSzFFzf+jIuj1Z7NZhPYea3ZpNgTeWzt3nV\nlh8eu3cKMUoOY0dgweE9PhQim9Vf4kwpkOlcYWQMxPPBaifsNznCcAhcvD8DB267\nYKU6opmcA++0h+xZfx3YKfOzOQFM3i+xKMZezRdQjK9E8v/Wm2+mTYLlb2aulGCe\nARYUXasSF6D7CRsXBG2+etxfc6ZLEYwrCfzEKUUtx//YMfx/A8bjjxsuu+2vvyrX\nc4ivmJT6wcX2sWzyGNfuTJR4dSgfx8tI3PfYJEH0XLPR442122s6eu7+X10fd0HB\nI9K93v3So7aLWz4louZS6N6X8KdVEHh9Fe6hIrApL87UxeHoR3xjcoJlyFybXyrq\nBdR9Os8gOhtZmspuAuiiV2X4bokVJivl8zP90ISKLf/OnYzZnZok3PQUphECAwEA\nAQKCAgBnPSU61B0Y68n3BH6tISetiAbZZiqAKJ6h14cFRyMf6uMPQibKn8w7bIdy\n21axb4l/7M8rHxtM3fWaoym7pOx8oEEJyXYeAAF1s5QV/oQM1RE7x6yZQgCD9ng2\niOz9DHuOM+xmgyln2j/Qt8gVb/tvwiqUKy2JYKNyRl/kuN19UHAKDB3h46Dw0pl8\nEpRa6aIk1XkNXCuFJFRJKN/IniH379J5p1DjaZfs82rAIm5Y34vTKRBqcwUbrVsW\nTwZ5xQHurkWqlyKBpPXHtjEphfbnpulxjV9yaZAEbGZ2uj/6QO4GVhX7qgfxHoRf\nBkcs+QvTk+B99Ev4QQNhtx74qa4jNd6rQWRWpzwSoawh2kvq6QAUYsqTc7MBPpBC\nX6a0FuUS0PD9Bc8mO3n9KEmLiWBNorsvBIJDHtLGY2H7XbNhKfxkaJ+7EvzIw5Na\nUNRuM86xtre0auAj1lqKUurOd0Jen0WDsRhJKyutt9+Qm6mWXK9Uu/+FJJiHIPtS\nhgVEn5uHmF2Oq8fbXUDoPw4YCxBwJmB78QhkYf8XeXkgxlR8dtc2LIRTGRuINOl4\n/JcHLvOlxFLY3CZJfSjL53eY9GuSKkGm50x/I/pKlrDd+XRi559DP4vLK/PqLrcS\nEOGK85/Ka+k3go6YSsfqSzrpASjnGAIs1VPid/JI/3tYRTekUQKCAQEA/adET0cr\nYSGUnTOVp+YmzhYmW2jQwh4L5J5CZOyPmrqYJai5YuImAs4Z1pcL3XtY+QaXorXV\nkpFq7sJYhOqOs4wtiJoVQ+QtnCk2fMIe6OaRh9FOD9b/kzUv2cD3U3dG1dcpvrPd\ndni8qhXkFfOChE4QvoU/rEsdObkY6lQ+Qe+lfQUrpGgvtPu7p/WNCswmW4aTZcKN\npkKteme8ZdmLKakJNyAn80IefrAMRoL5NPnbacYMmPG1phRo2LZC4PdfDoY3ZNQS\nPkq5LpFEqqV3q0yJMTdA/5CE/9SSAlJ8dKXQX7CDkXgKl3yY9bL2PIeXr7IuDeeh\nHhvUxzp4En92HQKCAQEAyQLq718rKfkIzKk7Z7EbA7VeBzhhdt0KFX3MRhlSQxkR\nYY2KPef10XOpc1gS7OI5o9NI4zkNCSZfswIvZbKaPpLH3hxaydUBhY+DRCN1xehV\nnkmhlcQQZt24LbUNNmFI8KrapF+/jyTfxuSHNVqO36D05VRm6GZK47/vERhrKIli\nxP/CLfdsrjZTWhnT/YgZEXYUtlDTj7EFxTs7/xfFVn/KDHLh7IAmh05vkpOxMzEv\nP2o1kmDONtKbwr8oRL0W1f1NH/Pbej97UkODWXpdZeFmv3Iqj1h4v+fLGDWX4R8j\nVl/VHOXFbK1dcs7yt6Yl5P+hx+RhVMoubIA/AHcdhQKCAQEAkVQ9qiJ/szYXPP5q\nN3mBMEC2l1b1jNLEQ6d9KO/001UniSQjm4kw+Bh362A9dxeOAZgKVzpRdJmGp+eH\n6hetzSd6izKlDnH0w+1E/7QFG7HHHgcI78BiTEiD8wJBcnv7hNezXkUVlSRWDClg\ntkb/t6g2pcIYmjGrPABWSyQbS5HvwjKtL5RWCR7WBMSGm/Id5AC2AO64U9MOK/y1\nj7FVr3ffBMuSuChg6nsZfWjbOcQSN4c2foa2acJ10/yRUu3Ic7zojgeHsFMFyK2I\npzEI4IeIbz9WKVb3LNDxGw2Bqx+5xKmQqE8b2nGT/eocdM/HU+4FvwfAY0zU25Uf\naJHI7QKCAQEAmIdwQoeSt1zTgomAHGTVvPCpEw2DV7DO8BPvJ9obA/NHryC6H9Oe\nQntjv7S7V6kqV9gB3PnznFfUEn+7+42VYZn7s90MP080wmZuEwxdV/m+zkfNJ1oJ\noCTqlzRlfDhCIu1iz4wgTbyLWd8bgi7fb24xprtvAzZr6XpBLFW9KptlqVrxu/Oe\nMmviv+INbLsTWp6hhN68SrLnUAxssFsXUVXSubOLH+z2T4IDQ9RyiAfwdExhrltq\n30rdCuAG7HIXm/WDypU+m/sD1x6H0yP5L0/kqa02AmP97JE1GX/BagA4zlgV3MG2\nF4tN98p1f0nCQ4x+9LGl8bMhmw+NvwqkCQKCAQATxsN136uY3K9lV2z0f/m4KQjV\nPPcfPWj3PCXrYRJaVZL4CnL53jwoecptbgQJwTu3eFnGUZ7xmqVlH4t75+DJkwK9\nk8fRyEghYe8otBnHdX/xLYisRbm8dFMOr2HqGnD0nigNnD9tf7eHW/aJF716Qbc6\n3DKJCJV4Z3IFXyEzvvLJsDIVHEANhMbcv3+CFDThXxSs4Ngcazohz6jLkjAixZbh\npzqvzJumUnow+MeIRkjwpVRKkSDi7ZLrL3X/MTkBtrJyBY12rfqtc3GL/4kFqkJs\nlO+0xTRztLGE7Xinrpa+yaKOvHQpX2f9R6EssUP0bXdrNkApefCzE55MaWuw\n-----END RSA PRIVATE KEY-----\n",
            "private_key_pem_pkcs8": "-----BEGIN PRIVATE KEY-----\nMIIJQwIBADANBgkqhkiG9w0BAQEFAASCCS0wggkpAgEAAoICAQDHKzi42WSxs6dP\nKt58PA05GMnKVmACUH0dDUbw4HNSRNMcL4V5HOgJps/4LwkKkxOU403h44w/0q7Z\n3ez8UeaGhTNyjlntu+rKvKppiVNwfvMBztLvZy/BHQG7uAOaGK1IxQlezhrGYsrX\niXt74dVFE/rkqmnK1BRt03MK+Gm6q3NW9QzF9nsfut5XrCT3jV9uCwBgIumiz4hf\nSrmWvR+0LD0NKd2cprASSsSydSQGCv4VbG4UcrEwGtF6jmNX6q+35gyXYs+HHwFx\nxLMUXN/6Mi6PVns1mE9h5rdmk2BN5bO3edWWHx67dwoxSg5jR2DB4T0+FCKb1V/i\nTCmQ6VxhZAzE88FqJ+w3OcJwCFy8PwMHbrtgpTqimZwD77SH7Fl/Hdgp87M5AUze\nL7Eoxl7NF1CMr0Ty/9abb6ZNguVvZq6UYJ4BFhRdqxIXoPsJGxcEbb563F9zpksR\njCsJ/MQpRS3H/9gx/H8DxuOPGy677a+/KtdziK+YlPrBxfaxbPIY1+5MlHh1KB/H\ny0jc99gkQfRcs9HjjbXbazp67v5fXR93QcEj0r3e/dKjtotbPiWi5lLo3pfwp1UQ\neH0V7qEisCkvztTF4ehHfGNygmXIXJtfKuoF1H06zyA6G1maym4C6KJXZfhuiRUm\nK+XzM/3QhIot/86djNmdmiTc9BSmEQIDAQABAoICAGc9JTrUHRjryfcEfq0hJ62I\nBtlmKoAonqHXhwVHIx/q4w9CJsqfzDtsh3LbVrFviX/szysfG0zd9ZqjKbuk7Hyg\nQQnJdh4AAXWzlBX+hAzVETvHrJlCAIP2eDaI7P0Me44z7GaDKWfaP9C3yBVv+2/C\nKpQrLYlgo3JGX+S43X1QcAoMHeHjoPDSmXwSlFrpoiTVeQ1cK4UkVEko38ieIffv\n0nmnUONpl+zzasAibljfi9MpEGpzBRutWxZPBnnFAe6uRaqXIoGk9ce2MSmF9uem\n6XGNX3JpkARsZna6P/pA7gZWFfuqB/EehF8GRyz5C9OT4H30S/hBA2G3HvipriM1\n3qtBZFanPBKhrCHaS+rpABRiypNzswE+kEJfprQW5RLQ8P0FzyY7ef0oSYuJYE2i\nuy8EgkMe0sZjYftds2Ep/GRon7sS/MjDk1pQ1G4zzrG2t7Rq4CPWWopS6s53Ql6f\nRYOxGEkrK62335CbqZZcr1S7/4UkmIcg+1KGBUSfm4eYXY6rx9tdQOg/DhgLEHAm\nYHvxCGRh/xd5eSDGVHx21zYshFMZG4g06Xj8lwcu86XEUtjcJkl9KMvnd5j0a5Iq\nQabnTH8j+kqWsN35dGLnn0M/i8sr8+outxIQ4Yrzn8pr6TeCjphKx+pLOukBKOcY\nAizVU+J38kj/e1hFN6RRAoIBAQD9p0RPRythIZSdM5Wn5ibOFiZbaNDCHgvknkJk\n7I+aupglqLli4iYCzhnWlwvde1j5BpeitdWSkWruwliE6o6zjC2ImhVD5C2cKTZ8\nwh7o5pGH0U4P1v+TNS/ZwPdTd0bV1ym+s912eLyqFeQV84KEThC+hT+sSx05uRjq\nVD5B76V9BSukaC+0+7un9Y0KzCZbhpNlwo2mQq16Z7xl2YspqQk3ICfzQh5+sAxG\ngvk0+dtpxgyY8bWmFGjYtkLg918Ohjdk1BI+SrkukUSqpXerTIkxN0D/kIT/1JIC\nUnx0pdBfsIOReAqXfJj1svY8h5evsi4N56EeG9THOngSf3YdAoIBAQDJAurvXysp\n+QjMqTtnsRsDtV4HOGF23QoVfcxGGVJDGRFhjYo95/XRc6lzWBLs4jmj00jjOQ0J\nJl+zAi9lspo+ksfeHFrJ1QGFj4NEI3XF6FWeSaGVxBBm3bgttQ02YUjwqtqkX7+P\nJN/G5Ic1Wo7foPTlVGboZkrjv+8RGGsoiWLE/8It92yuNlNaGdP9iBkRdhS2UNOP\nsQXFOzv/F8VWf8oMcuHsgCaHTm+Sk7EzMS8/ajWSYM420pvCvyhEvRbV/U0f89t6\nP3tSQ4NZel1l4Wa/ciqPWHi/58sYNZfhHyNWX9Uc5cVsrV1yzvK3piXk/6HH5GFU\nyi5sgD8Adx2FAoIBAQCRVD2qIn+zNhc8/mo3eYEwQLaXVvWM0sRDp30o7/TTVSeJ\nJCObiTD4GHfrYD13F44BmApXOlF0mYan54fqF63NJ3qLMqUOcfTD7UT/tAUbscce\nBwjvwGJMSIPzAkFye/uE17NeRRWVJFYMKWC2Rv+3qDalwhiaMas8AFZLJBtLke/C\nMq0vlFYJHtYExIab8h3kALYA7rhT0w4r/LWPsVWvd98Ey5K4KGDqexl9aNs5xBI3\nhzZ+hrZpwnXT/JFS7chzvOiOB4ewUwXIrYinMQjgh4hvP1YpVvcs0PEbDYGrH7nE\nqZCoTxvacZP96hx0z8dT7gW/B8BjTNTblR9okcjtAoIBAQCYh3BCh5K3XNOCiYAc\nZNW88KkTDYNXsM7wE+8n2hsD80evILof055Ce2O/tLtXqSpX2AHc+fOcV9QSf7v7\njZVhmfuz3Qw/TzTCZm4TDF1X+b7OR80nWgmgJOqXNGV8OEIi7WLPjCBNvItZ3xuC\nLt9vbjGmu28DNmvpekEsVb0qm2WpWvG7854ya+K/4g1suxNanqGE3rxKsudQDGyw\nWxdRVdK5s4sf7PZPggND1HKIB/B0TGGuW2rfSt0K4Abscheb9YPKlT6b+wPXHofT\nI/kvT+SprTYCY/3skTUZf8FqADjOWBXcwbYXi033ynV/ScJDjH70saXxsyGbD42/\nCqQJAoIBABPGw3Xfq5jcr2VXbPR/+bgpCNU89x89aPc8JethElpVkvgKcvnePCh5\nym1uBAnBO7d4WcZRnvGapWUfi3vn4MmTAr2Tx9HISCFh7yi0Gcd1f/EtiKxFubx0\nUw6vYeoacPSeKA2cP21/t4db9okXvXpBtzrcMokIlXhncgVfITO+8smwMhUcQA2E\nxty/f4IUNOFfFKzg2BxrOiHPqMuSMCLFluGnOq/Mm6ZSejD4x4hGSPClVEqRIOLt\nkusvdf8xOQG2snIFjXat+q1zcYv/iQWqQmyU77TFNHO0sYTteKeulr7Joo68dClf\nZ/1HoSyxQ/Rtd2s2QCl58LMTnkxpa7A=\n-----END PRIVATE KEY-----\n",
            "public_key_fingerprint_md5": "8a:8e:6d:5e:22:86:47:c2:03:26:94:93:59:12:e4:9a",
            "public_key_fingerprint_sha256": "SHA256:YRYjrHD9zHsqYfTiLtI6K45LKGN9Hn1hKhv6dcV0YpA",
            "public_key_openssh": "ssh-rsa AAAAB3NzaC1yc2EAAAADAQABAAACAQDHKzi42WSxs6dPKt58PA05GMnKVmACUH0dDUbw4HNSRNMcL4V5HOgJps/4LwkKkxOU403h44w/0q7Z3ez8UeaGhTNyjlntu+rKvKppiVNwfvMBztLvZy/BHQG7uAOaGK1IxQlezhrGYsrXiXt74dVFE/rkqmnK1BRt03MK+Gm6q3NW9QzF9nsfut5XrCT3jV9uCwBgIumiz4hfSrmWvR+0LD0NKd2cprASSsSydSQGCv4VbG4UcrEwGtF6jmNX6q+35gyXYs+HHwFxxLMUXN/6Mi6PVns1mE9h5rdmk2BN5bO3edWWHx67dwoxSg5jR2DB4T0+FCKb1V/iTCmQ6VxhZAzE88FqJ+w3OcJwCFy8PwMHbrtgpTqimZwD77SH7Fl/Hdgp87M5AUzeL7Eoxl7NF1CMr0Ty/9abb6ZNguVvZq6UYJ4BFhRdqxIXoPsJGxcEbb563F9zpksRjCsJ/MQpRS3H/9gx/H8DxuOPGy677a+/KtdziK+YlPrBxfaxbPIY1+5MlHh1KB/Hy0jc99gkQfRcs9HjjbXbazp67v5fXR93QcEj0r3e/dKjtotbPiWi5lLo3pfwp1UQeH0V7qEisCkvztTF4ehHfGNygmXIXJtfKuoF1H06zyA6G1maym4C6KJXZfhuiRUmK+XzM/3QhIot/86djNmdmiTc9BSmEQ==\n",
            "public_key_pem": "-----BEGIN PUBLIC KEY-----\nMIICIjANBgkqhkiG9w0BAQEFAAOCAg8AMIICCgKCAgEAxys4uNlksbOnTyrefDwN\nORjJylZgAlB9HQ1G8OBzUkTTHC+FeRzoCabP+C8JCpMTlONN4eOMP9Ku2d3s/FHm\nhoUzco5Z7bvqyryqaYlTcH7zAc7S72cvwR0Bu7gDmhitSMUJXs4axmLK14l7e+HV\nRRP65KppytQUbdNzCvhpuqtzVvUMxfZ7H7reV6wk941fbgsAYCLpos+IX0q5lr0f\ntCw9DSndnKawEkrEsnUkBgr+FWxuFHKxMBrReo5jV+qvt+YMl2LPhx8BccSzFFzf\n+jIuj1Z7NZhPYea3ZpNgTeWzt3nVlh8eu3cKMUoOY0dgweE9PhQim9Vf4kwpkOlc\nYWQMxPPBaifsNznCcAhcvD8DB267YKU6opmcA++0h+xZfx3YKfOzOQFM3i+xKMZe\nzRdQjK9E8v/Wm2+mTYLlb2aulGCeARYUXasSF6D7CRsXBG2+etxfc6ZLEYwrCfzE\nKUUtx//YMfx/A8bjjxsuu+2vvyrXc4ivmJT6wcX2sWzyGNfuTJR4dSgfx8tI3PfY\nJEH0XLPR442122s6eu7+X10fd0HBI9K93v3So7aLWz4louZS6N6X8KdVEHh9Fe6h\nIrApL87UxeHoR3xjcoJlyFybXyrqBdR9Os8gOhtZmspuAuiiV2X4bokVJivl8zP9\n0ISKLf/OnYzZnZok3PQUphECAwEAAQ==\n-----END PUBLIC KEY-----\n",
            "rsa_bits": 4096
          },
          "sensitive_attributes": []
        }
      ]
    }
  ],
  "check_results": []
}
